
Microsoft Visual Studio Solution File, Format Version 12.00
# Visual Studio Version 17
VisualStudioVersion = 17.11.35327.3
MinimumVisualStudioVersion = 10.0.40219.1
Project("{FAE04EC0-301F-11D3-BF4B-00C04F79EFBC}") = "CompilerProject", "CompilerProject\CompilerProject.csproj", "{705576F7-AEDB-4581-8B15-37F263FD0529}"
EndProject
Global
	GlobalSection(SolutionConfigurationPlatforms) = preSolution
		Debug|Any CPU = Debug|Any CPU
		Release|Any CPU = Release|Any CPU
	EndGlobalSection
	GlobalSection(ProjectConfigurationPlatforms) = postSolution
		{705576F7-AEDB-4581-8B15-37F263FD0529}.Debug|Any CPU.ActiveCfg = Debug|Any CPU
		{705576F7-AEDB-4581-8B15-37F263FD0529}.Debug|Any CPU.Build.0 = Debug|Any CPU
		{705576F7-AEDB-4581-8B15-37F263FD0529}.Release|Any CPU.ActiveCfg = Release|Any CPU
		{705576F7-AEDB-4581-8B15-37F263FD0529}.Release|Any CPU.Build.0 = Release|Any CPU
	EndGlobalSection
	GlobalSection(SolutionProperties) = preSolution
		HideSolutionNode = FALSE
	EndGlobalSection
	GlobalSection(ExtensibilityGlobals) = postSolution
		SolutionGuid = {AE954420-343D-43F6-8892-66A74AC14E72}
	EndGlobalSection
EndGlobal
